// !$*UTF8*$!
{
	archiveVersion = 1;
	classes = {
	};
	objectVersion = 50;
	objects = {

/* Begin PBXBuildFile section */
		818C959C218C3FF900EA4A03 /* AppDelegate.swift in Sources */ = {isa = PBXBuildFile; fileRef = 818C959B218C3FF900EA4A03 /* AppDelegate.swift */; };
		818C959E218C3FF900EA4A03 /* ViewController.swift in Sources */ = {isa = PBXBuildFile; fileRef = 818C959D218C3FF900EA4A03 /* ViewController.swift */; };
		818C95A1218C3FF900EA4A03 /* Main.storyboard in Resources */ = {isa = PBXBuildFile; fileRef = 818C959F218C3FF900EA4A03 /* Main.storyboard */; };
		818C95A3218C3FFB00EA4A03 /* Assets.xcassets in Resources */ = {isa = PBXBuildFile; fileRef = 818C95A2218C3FFB00EA4A03 /* Assets.xcassets */; };
		818C95A6218C3FFB00EA4A03 /* LaunchScreen.storyboard in Resources */ = {isa = PBXBuildFile; fileRef = 818C95A4218C3FFB00EA4A03 /* LaunchScreen.storyboard */; };
		818C95AE218C46B300EA4A03 /* FilterCell.swift in Sources */ = {isa = PBXBuildFile; fileRef = 818C95AD218C46B300EA4A03 /* FilterCell.swift */; };
/* End PBXBuildFile section */

/* Begin PBXFileReference section */
		818C9598218C3FF900EA4A03 /* CoreImageFilters.app */ = {isa = PBXFileReference; explicitFileType = wrapper.application; includeInIndex = 0; path = CoreImageFilters.app; sourceTree = BUILT_PRODUCTS_DIR; };
		818C959B218C3FF900EA4A03 /* AppDelegate.swift */ = {isa = PBXFileReference; lastKnownFileType = sourcecode.swift; path = AppDelegate.swift; sourceTree = "<group>"; };
		818C959D218C3FF900EA4A03 /* ViewController.swift */ = {isa = PBXFileReference; lastKnownFileType = sourcecode.swift; path = ViewController.swift; sourceTree = "<group>"; };
		818C95A0218C3FF900EA4A03 /* Base */ = {isa = PBXFileReference; lastKnownFileType = file.storyboard; name = Base; path = Base.lproj/Main.storyboard; sourceTree = "<group>"; };
		818C95A2218C3FFB00EA4A03 /* Assets.xcassets */ = {isa = PBXFileReference; lastKnownFileType = folder.assetcatalog; path = Assets.xcassets; sourceTree = "<group>"; };
		818C95A5218C3FFB00EA4A03 /* Base */ = {isa = PBXFileReference; lastKnownFileType = file.storyboard; name = Base; path = Base.lproj/LaunchScreen.storyboard; sourceTree = "<group>"; };
		818C95A7218C3FFB00EA4A03 /* Info.plist */ = {isa = PBXFileReference; lastKnownFileType = text.plist.xml; path = Info.plist; sourceTree = "<group>"; };
		818C95AD218C46B300EA4A03 /* FilterCell.swift */ = {isa = PBXFileReference; lastKnownFileType = sourcecode.swift; path = FilterCell.swift; sourceTree = "<group>"; };
/* End PBXFileReference section */

/* Begin PBXFrameworksBuildPhase section */
		818C9595218C3FF900EA4A03 /* Frameworks */ = {
			isa = PBXFrameworksBuildPhase;
			buildActionMask = 2147483647;
			files = (
			);
			runOnlyForDeploymentPostprocessing = 0;
		};
/* End PBXFrameworksBuildPhase section */

/* Begin PBXGroup section */
		818C958F218C3FF900EA4A03 = {
			isa = PBXGroup;
			children = (
				818C959A218C3FF900EA4A03 /* CoreImageFilters */,
				818C9599218C3FF900EA4A03 /* Products */,
			);
			sourceTree = "<group>";
		};
		818C9599218C3FF900EA4A03 /* Products */ = {
			isa = PBXGroup;
			children = (
				818C9598218C3FF900EA4A03 /* CoreImageFilters.app */,
			);
			name = Products;
			sourceTree = "<group>";
		};
		818C959A218C3FF900EA4A03 /* CoreImageFilters */ = {
			isa = PBXGroup;
			children = (
				818C95AD218C46B300EA4A03 /* FilterCell.swift */,
				818C959B218C3FF900EA4A03 /* AppDelegate.swift */,
				818C959D218C3FF900EA4A03 /* ViewController.swift */,
				818C959F218C3FF900EA4A03 /* Main.storyboard */,
				818C95A2218C3FFB00EA4A03 /* Assets.xcassets */,
				818C95A4218C3FFB00EA4A03 /* LaunchScreen.storyboard */,
				818C95A7218C3FFB00EA4A03 /* Info.plist */,
			);
			path = CoreImageFilters;
			sourceTree = "<group>";
		};
/* End PBXGroup section */

/* Begin PBXNativeTarget section */
		818C9597218C3FF900EA4A03 /* CoreImageFilters */ = {
			isa = PBXNativeTarget;
			buildConfigurationList = 818C95AA218C3FFB00EA4A03 /* Build configuration list for PBXNativeTarget "CoreImageFilters" */;
			buildPhases = (
				818C9594218C3FF900EA4A03 /* Sources */,
				818C9595218C3FF900EA4A03 /* Frameworks */,
				818C9596218C3FF900EA4A03 /* Resources */,
			);
			buildRules = (
			);
			dependencies = (
			);
			name = CoreImageFilters;
			productName = CoreImageFilters;
			productReference = 818C9598218C3FF900EA4A03 /* CoreImageFilters.app */;
			productType = "com.apple.product-type.application";
		};
/* End PBXNativeTarget section */

/* Begin PBXProject section */
		818C9590218C3FF900EA4A03 /* Project object */ = {
			isa = PBXProject;
			attributes = {
				LastSwiftUpdateCheck = 1010;
				LastUpgradeCheck = 1010;
				ORGANIZATIONNAME = "Onur Işık";
				TargetAttributes = {
					818C9597218C3FF900EA4A03 = {
						CreatedOnToolsVersion = 10.1;
					};
				};
			};
			buildConfigurationList = 818C9593218C3FF900EA4A03 /* Build configuration list for PBXProject "CoreImageFilters" */;
			compatibilityVersion = "Xcode 9.3";
			developmentRegion = en;
			hasScannedForEncodings = 0;
			knownRegions = (
				en,
				Base,
			);
			mainGroup = 818C958F218C3FF900EA4A03;
			productRefGroup = 818C9599218C3FF900EA4A03 /* Products */;
			projectDirPath = "";
			projectRoot = "";
			targets = (
				818C9597218C3FF900EA4A03 /* CoreImageFilters */,
			);
		};
/* End PBXProject section */

/* Begin PBXResourcesBuildPhase section */
		818C9596218C3FF900EA4A03 /* Resources */ = {
			isa = PBXResourcesBuildPhase;
			buildActionMask = 2147483647;
			files = (
				818C95A6218C3FFB00EA4A03 /* LaunchScreen.storyboard in Resources */,
				818C95A3218C3FFB00EA4A03 /* Assets.xcassets in Resources */,
				818C95A1218C3FF900EA4A03 /* Main.storyboard in Resources */,
			);
			runOnlyForDeploymentPostprocessing = 0;
		};
/* End PBXResourcesBuildPhase section */

/* Begin PBXSourcesBuildPhase section */
		818C9594218C3FF900EA4A03 /* Sources */ = {
			isa = PBXSourcesBuildPhase;
			buildActionMask = 2147483647;
			files = (
				818C959E218C3FF900EA4A03 /* ViewController.swift in Sources */,
				818C95AE218C46B300EA4A03 /* FilterCell.swift in Sources */,
				818C959C218C3FF900EA4A03 /* AppDelegate.swift in Sources */,
			);
			runOnlyForDeploymentPostprocessing = 0;
		};
/* End PBXSourcesBuildPhase section */

/* Begin PBXVariantGroup section */
		818C959F218C3FF900EA4A03 /* Main.storyboard */ = {
			isa = PBXVariantGroup;
			children = (
				818C95A0218C3FF900EA4A03 /* Base */,
			);
			name = Main.storyboard;
			sourceTree = "<group>";
		};
		818C95A4218C3FFB00EA4A03 /* LaunchScreen.storyboard */ = {
			isa = PBXVariantGroup;
			children = (
				818C95A5218C3FFB00EA4A03 /* Base */,
			);
			name = LaunchScreen.storyboard;
			sourceTree = "<group>";
		};
/* End PBXVariantGroup section */

/* Begin XCBuildConfiguration section */
		818C95A8218C3FFB00EA4A03 /* Debug */ = {
			isa = XCBuildConfiguration;
			buildSettings = {
				ALWAYS_SEARCH_USER_PATHS = NO;
				CLANG_ANALYZER_NONNULL = YES;
				CLANG_ANALYZER_NUMBER_OBJECT_CONVERSION = YES_AGGRESSIVE;
				CLANG_CXX_LANGUAGE_STANDARD = "gnu++14";
				CLANG_CXX_LIBRARY = "libc++";
				CLANG_ENABLE_MODULES = YES;
				CLANG_ENABLE_OBJC_ARC = YES;
				CLANG_ENABLE_OBJC_WEAK = YES;
				CLANG_WARN_BLOCK_CAPTURE_AUTORELEASING = YES;
				CLANG_WARN_BOOL_CONVERSION = YES;
				CLANG_WARN_COMMA = YES;
				CLANG_WARN_CONSTANT_CONVERSION = YES;
				CLANG_WARN_DEPRECATED_OBJC_IMPLEMENTATIONS = YES;
				CLANG_WARN_DIRECT_OBJC_ISA_USAGE = YES_ERROR;
				CLANG_WARN_DOCUMENTATION_COMMENTS = YES;
				CLANG_WARN_EMPTY_BODY = YES;
				CLANG_WARN_ENUM_CONVERSION = YES;
				CLANG_WARN_INFINITE_RECURSION = YES;
				CLANG_WARN_INT_CONVERSION = YES;
				CLANG_WARN_NON_LITERAL_NULL_CONVERSION = YES;
				CLANG_WARN_OBJC_IMPLICIT_RETAIN_SELF = YES;
				CLANG_WARN_OBJC_LITERAL_CONVERSION = YES;
				CLANG_WARN_OBJC_ROOT_CLASS = YES_ERROR;
				CLANG_WARN_RANGE_LOOP_ANALYSIS = YES;
				CLANG_WARN_STRICT_PROTOTYPES = YES;
				CLANG_WARN_SUSPICIOUS_MOVE = YES;
				CLANG_WARN_UNGUARDED_AVAILABILITY = YES_AGGRESSIVE;
				CLANG_WARN_UNREACHABLE_CODE = YES;
				CLANG_WARN__DUPLICATE_METHOD_MATCH = YES;
				CODE_SIGN_IDENTITY = "iPhone Developer";
				COPY_PHASE_STRIP = NO;
				DEBUG_INFORMATION_FORMAT = dwarf;
				ENABLE_STRICT_OBJC_MSGSEND = YES;
				ENABLE_TESTABILITY = YES;
				GCC_C_LANGUAGE_STANDARD = gnu11;
				GCC_DYNAMIC_NO_PIC = NO;
				GCC_NO_COMMON_BLOCKS = YES;
				GCC_OPTIMIZATION_LEVEL = 0;
				GCC_PREPROCESSOR_DEFINITIONS = (
					"DEBUG=1",
					"$(inherited)",
				);
				GCC_WARN_64_TO_32_BIT_CONVERSION = YES;
				GCC_WARN_ABOUT_RETURN_TYPE = YES_ERROR;
				GCC_WARN_UNDECLARED_SELECTOR = YES;
				GCC_WARN_UNINITIALIZED_AUTOS = YES_AGGRESSIVE;
				GCC_WARN_UNUSED_FUNCTION = YES;
				GCC_WARN_UNUSED_VARIABLE = YES;
				IPHONEOS_DEPLOYMENT_TARGET = 12.1;
				MTL_ENABLE_DEBUG_INFO = INCLUDE_SOURCE;
				MTL_FAST_MATH = YES;
				ONLY_ACTIVE_ARCH = YES;
				SDKROOT = iphoneos;
				SWIFT_ACTIVE_COMPILATION_CONDITIONS = DEBUG;
				SWIFT_OPTIMIZATION_LEVEL = "-Onone";
			};
			name = Debug;
		};
		818C95A9218C3FFB00EA4A03 /* Release */ = {
			isa = XCBuildConfiguration;
			buildSettings = {
				ALWAYS_SEARCH_USER_PATHS = NO;
				CLANG_ANALYZER_NONNULL = YES;
				CLANG_ANALYZER_NUMBER_OBJECT_CONVERSION = YES_AGGRESSIVE;
				CLANG_CXX_LANGUAGE_STANDARD = "gnu++14";
				CLANG_CXX_LIBRARY = "libc++";
				CLANG_ENABLE_MODULES = YES;
				CLANG_ENABLE_OBJC_ARC = YES;
				CLANG_ENABLE_OBJC_WEAK = YES;
				CLANG_WARN_BLOCK_CAPTURE_AUTORELEASING = YES;
				CLANG_WARN_BOOL_CONVERSION = YES;
				CLANG_WARN_COMMA = YES;
				CLANG_WARN_CONSTANT_CONVERSION = YES;
				CLANG_WARN_DEPRECATED_OBJC_IMPLEMENTATIONS = YES;
				CLANG_WARN_DIRECT_OBJC_ISA_USAGE = YES_ERROR;
				CLANG_WARN_DOCUMENTATION_COMMENTS = YES;
				CLANG_WARN_EMPTY_BODY = YES;
				CLANG_WARN_ENUM_CONVERSION = YES;
				CLANG_WARN_INFINITE_RECURSION = YES;
				CLANG_WARN_INT_CONVERSION = YES;
				CLANG_WARN_NON_LITERAL_NULL_CONVERSION = YES;
				CLANG_WARN_OBJC_IMPLICIT_RETAIN_SELF = YES;
				CLANG_WARN_OBJC_LITERAL_CONVERSION = YES;
				CLANG_WARN_OBJC_ROOT_CLASS = YES_ERROR;
				CLANG_WARN_RANGE_LOOP_ANALYSIS = YES;
				CLANG_WARN_STRICT_PROTOTYPES = YES;
				CLANG_WARN_SUSPICIOUS_MOVE = YES;
				CLANG_WARN_UNGUARDED_AVAILABILITY = YES_AGGRESSIVE;
				CLANG_WARN_UNREACHABLE_CODE = YES;
				CLANG_WARN__DUPLICATE_METHOD_MATCH = YES;
				CODE_SIGN_IDENTITY = "iPhone Developer";
				COPY_PHASE_STRIP = NO;
				DEBUG_INFORMATION_FORMAT = "dwarf-with-dsym";
				ENABLE_NS_ASSERTIONS = NO;
				ENABLE_STRICT_OBJC_MSGSEND = YES;
				GCC_C_LANGUAGE_STANDARD = gnu11;
				GCC_NO_COMMON_BLOCKS = YES;
				GCC_WARN_64_TO_32_BIT_CONVERSION = YES;
				GCC_WARN_ABOUT_RETURN_TYPE = YES_ERROR;
				GCC_WARN_UNDECLARED_SELECTOR = YES;
				GCC_WARN_UNINITIALIZED_AUTOS = YES_AGGRESSIVE;
				GCC_WARN_UNUSED_FUNCTION = YES;
				GCC_WARN_UNUSED_VARIABLE = YES;
				IPHONEOS_DEPLOYMENT_TARGET = 12.1;
				MTL_ENABLE_DEBUG_INFO = NO;
				MTL_FAST_MATH = YES;
				SDKROOT = iphoneos;
				SWIFT_COMPILATION_MODE = wholemodule;
				SWIFT_OPTIMIZATION_LEVEL = "-O";
				VALIDATE_PRODUCT = YES;
			};
			name = Release;
		};
		818C95AB218C3FFB00EA4A03 /* Debug */ = {
			isa = XCBuildConfiguration;
			buildSettings = {
				ASSETCATALOG_COMPILER_APPICON_NAME = AppIcon;
				CODE_SIGN_STYLE = Automatic;
				DEVELOPMENT_TEAM = N26XM7U465;
				INFOPLIST_FILE = CoreImageFilters/Info.plist;
				LD_RUNPATH_SEARCH_PATHS = (
					"$(inherited)",
					"@executable_path/Frameworks",
				);
				PRODUCT_BUNDLE_IDENTIFIER = com.coder.imageFilters.CoreImageFilters;
				PRODUCT_NAME = "$(TARGET_NAME)";
				SWIFT_VERSION = 4.2;
				TARGETED_DEVICE_FAMILY = "1,2";
			};
			name = Debug;
		};
		818C95AC218C3FFB00EA4A03 /* Release */ = {
			isa = XCBuildConfiguration;
			buildSettings = {
				ASSETCATALOG_COMPILER_APPICON_NAME = AppIcon;
				CODE_SIGN_STYLE = Automatic;
				DEVELOPMENT_TEAM = N26XM7U465;
				INFOPLIST_FILE = CoreImageFilters/Info.plist;
				LD_RUNPATH_SEARCH_PATHS = (
					"$(inherited)",
					"@executable_path/Frameworks",
				);
				PRODUCT_BUNDLE_IDENTIFIER = com.coder.imageFilters.CoreImageFilters;
				PRODUCT_NAME = "$(TARGET_NAME)";
				SWIFT_VERSION = 4.2;
				TARGETED_DEVICE_FAMILY = "1,2";
			};
			name = Release;
		};
/* End XCBuildConfiguration section */

/* Begin XCConfigurationList section */
		818C9593218C3FF900EA4A03 /* Build configuration list for PBXProject "CoreImageFilters" */ = {
			isa = XCConfigurationList;
			buildConfigurations = (
				818C95A8218C3FFB00EA4A03 /* Debug */,
				818C95A9218C3FFB00EA4A03 /* Release */,
			);
			defaultConfigurationIsVisible = 0;
			defaultConfigurationName = Release;
		};
		818C95AA218C3FFB00EA4A03 /* Build configuration list for PBXNativeTarget "CoreImageFilters" */ = {
			isa = XCConfigurationList;
			buildConfigurations = (
				818C95AB218C3FFB00EA4A03 /* Debug */,
				818C95AC218C3FFB00EA4A03 /* Release */,
			);
			defaultConfigurationIsVisible = 0;
			defaultConfigurationName = Release;
		};
/* End XCConfigurationList section */
	};
	rootObject = 818C9590218C3FF900EA4A03 /* Project object */;
}
